
Microsoft Visual Studio Solution File, Format Version 12.00
# Visual Studio 14
VisualStudioVersion = 14.0.25123.0
MinimumVisualStudioVersion = 10.0.40219.1
Project("{F2A71F9B-5D33-465A-A702-920D77279786}") = "JMeterResultsAnalyser", "JMeterResultsAnalyser\JMeterResultsAnalyser.fsproj", "{F1E08D6C-B04D-425E-9A13-311A0EAC34CA}"
EndProject
Global
	GlobalSection(SolutionConfigurationPlatforms) = preSolution
		Debug|Any CPU = Debug|Any CPU
		Release|Any CPU = Release|Any CPU
	EndGlobalSection
	GlobalSection(ProjectConfigurationPlatforms) = postSolution
		{F1E08D6C-B04D-425E-9A13-311A0EAC34CA}.Debug|Any CPU.ActiveCfg = Debug|Any CPU
		{F1E08D6C-B04D-425E-9A13-311A0EAC34CA}.Debug|Any CPU.Build.0 = Debug|Any CPU
		{F1E08D6C-B04D-425E-9A13-311A0EAC34CA}.Release|Any CPU.ActiveCfg = Release|Any CPU
		{F1E08D6C-B04D-425E-9A13-311A0EAC34CA}.Release|Any CPU.Build.0 = Release|Any CPU
	EndGlobalSection
	GlobalSection(SolutionProperties) = preSolution
		HideSolutionNode = FALSE
	EndGlobalSection
EndGlobal
